<?xml version="1.0" encoding="utf-8"?>
<Project ToolsVersion="4.0" xmlns="http://schemas.microsoft.com/developer/msbuild/2003">
  <ItemGroup>
    <Filter Include="Source Files">
      <UniqueIdentifier>{4FC737F1-C7A5-4376-A066-2A32D752A2FF}</UniqueIdentifier>
      <Extensions>qml;cpp;c;cc;cxx;def;odl;idl;hpj;bat;asm;asmx</Extensions>
    </Filter>
    <Filter Include="Header Files">
      <UniqueIdentifier>{93995380-89BD-4b04-88EB-625FBE52EBFB}</UniqueIdentifier>
      <Extensions>h;hh;hpp;hxx;hm;inl;inc;xsd</Extensions>
    </Filter>
    <Filter Include="Resource Files">
      <UniqueIdentifier>{67DA6AB6-F800-4c08-8B7A-83BB121AAD01}</UniqueIdentifier>
      <Extensions>qrc;rc;ico;cur;bmp;dlg;rc2;rct;bin;rgs;gif;jpg;jpeg;jpe;resx;tiff;tif;png;wav;mfcribbon-ms</Extensions>
    </Filter>
    <Filter Include="Form Files">
      <UniqueIdentifier>{99349809-55BA-4b9d-BF79-8FDBB0286EB3}</UniqueIdentifier>
      <Extensions>ui</Extensions>
    </Filter>
    <Filter Include="Translation Files">
      <UniqueIdentifier>{639EADAA-A684-42e4-A9AD-28FC9BCB8F7C}</UniqueIdentifier>
      <Extensions>ts</Extensions>
    </Filter>
  </ItemGroup>
  <ItemGroup>
    <QtRcc Include="Image.qrc">
      <Filter>Resource Files</Filter>
    </QtRcc>
    <QtUic Include="Image.ui">
      <Filter>Form Files</Filter>
    </QtUic>
    <QtMoc Include="Image.h">
      <Filter>Header Files</Filter>
    </QtMoc>
    <ClCompile Include="Image.cpp">
      <Filter>Source Files</Filter>
    </ClCompile>
  </ItemGroup>
  <ItemGroup>
    <ClCompile Include="main.cpp">
      <Filter>Source Files</Filter>
    </ClCompile>
    <ClCompile Include="ViewLabel.cpp">
      <Filter>Source Files</Filter>
    </ClCompile>
    <ClCompile Include="Image_text.cpp">
      <Filter>Source Files</Filter>
    </ClCompile>
    <ClCompile Include="Image_blur.cpp">
      <Filter>Source Files</Filter>
    </ClCompile>
    <ClCompile Include="Image_brightAcontras.cpp">
      <Filter>Source Files</Filter>
    </ClCompile>
    <ClCompile Include="Image_ColorTemperature.cpp">
      <Filter>Source Files</Filter>
    </ClCompile>
    <ClCompile Include="Image_contras_bright.cpp">
      <Filter>Source Files</Filter>
    </ClCompile>
    <ClCompile Include="Image_crop.cpp">
      <Filter>Source Files</Filter>
    </ClCompile>
    <ClCompile Include="Image_curve1.cpp">
      <Filter>Source Files</Filter>
    </ClCompile>
    <ClCompile Include="Image_curve2.cpp">
      <Filter>Source Files</Filter>
    </ClCompile>
    <ClCompile Include="Image_exposure.cpp">
      <Filter>Source Files</Filter>
    </ClCompile>
    <ClCompile Include="Image_Histogram.cpp">
      <Filter>Source Files</Filter>
    </ClCompile>
    <ClCompile Include="Image_HSL.cpp">
      <Filter>Source Files</Filter>
    </ClCompile>
    <ClCompile Include="Image_processing.cpp">
      <Filter>Source Files</Filter>
    </ClCompile>
    <ClCompile Include="Image_Removal.cpp">
      <Filter>Source Files</Filter>
    </ClCompile>
    <ClCompile Include="Image_Removal_ui.cpp">
      <Filter>Source Files</Filter>
    </ClCompile>
    <ClCompile Include="Image_Rotate.cpp">
      <Filter>Source Files</Filter>
    </ClCompile>
    <ClCompile Include="Image_Rotate_ui.cpp">
      <Filter>Source Files</Filter>
    </ClCompile>
    <ClCompile Include="Image_sharpening.cpp">
      <Filter>Source Files</Filter>
    </ClCompile>
    <ClCompile Include="Image_whitebalance.cpp">
      <Filter>Source Files</Filter>
    </ClCompile>
    <ClCompile Include="Qt_curve.cpp">
      <Filter>Source Files</Filter>
    </ClCompile>
    <ClCompile Include="GuidedFilter.cpp">
      <Filter>Source Files</Filter>
    </ClCompile>
    <ClCompile Include="CurveChartView.cpp">
      <Filter>Source Files</Filter>
    </ClCompile>
    <ClCompile Include="Curve_Spline.cpp">
      <Filter>Source Files</Filter>
    </ClCompile>
  </ItemGroup>
  <ItemGroup>
    <QtUic Include="Image_brightAcontras.ui">
      <Filter>Form Files</Filter>
    </QtUic>
    <QtUic Include="Image_crop.ui">
      <Filter>Form Files</Filter>
    </QtUic>
    <QtUic Include="Image_curve1.ui">
      <Filter>Form Files</Filter>
    </QtUic>
    <QtUic Include="Image_curve2.ui">
      <Filter>Form Files</Filter>
    </QtUic>
    <QtUic Include="Image_Removal_ui.ui">
      <Filter>Form Files</Filter>
    </QtUic>
    <QtUic Include="Image_Rotate_ui.ui">
      <Filter>Form Files</Filter>
    </QtUic>
    <QtUic Include="Image_text.ui">
      <Filter>Form Files</Filter>
    </QtUic>
    <QtUic Include="Image_processing.ui">
      <Filter>Form Files</Filter>
    </QtUic>
  </ItemGroup>
  <ItemGroup>
    <QtMoc Include="ViewLabel.h">
      <Filter>Header Files</Filter>
    </QtMoc>
    <QtMoc Include="Image_text.h">
      <Filter>Header Files</Filter>
    </QtMoc>
    <QtMoc Include="CurveChartView.h">
      <Filter>Header Files</Filter>
    </QtMoc>
    <QtMoc Include="Image_brightAcontras.h">
      <Filter>Header Files</Filter>
    </QtMoc>
    <QtMoc Include="Image_crop.h">
      <Filter>Header Files</Filter>
    </QtMoc>
    <QtMoc Include="Image_curve1.h">
      <Filter>Header Files</Filter>
    </QtMoc>
    <QtMoc Include="Image_curve2.h">
      <Filter>Header Files</Filter>
    </QtMoc>
    <QtMoc Include="Image_processing.h">
      <Filter>Header Files</Filter>
    </QtMoc>
    <QtMoc Include="Image_Removal_ui.h">
      <Filter>Header Files</Filter>
    </QtMoc>
    <QtMoc Include="Image_Rotate_ui.h">
      <Filter>Header Files</Filter>
    </QtMoc>
    <QtMoc Include="Qt_curve.h">
      <Filter>Header Files</Filter>
    </QtMoc>
  </ItemGroup>
  <ItemGroup>
    <ClInclude Include="Curve_Spline.h">
      <Filter>Header Files</Filter>
    </ClInclude>
    <ClInclude Include="GuidedFilter.h">
      <Filter>Header Files</Filter>
    </ClInclude>
    <ClInclude Include="Image_blur.h">
      <Filter>Header Files</Filter>
    </ClInclude>
    <ClInclude Include="Image_ColorTemperature.h">
      <Filter>Header Files</Filter>
    </ClInclude>
    <ClInclude Include="Image_contras.h">
      <Filter>Header Files</Filter>
    </ClInclude>
    <ClInclude Include="Image_exposure.h">
      <Filter>Header Files</Filter>
    </ClInclude>
    <ClInclude Include="Image_Histogram.h">
      <Filter>Header Files</Filter>
    </ClInclude>
    <ClInclude Include="Image_HSL.h">
      <Filter>Header Files</Filter>
    </ClInclude>
    <ClInclude Include="Image_opencv.h">
      <Filter>Header Files</Filter>
    </ClInclude>
    <ClInclude Include="Image_Removal.h">
      <Filter>Header Files</Filter>
    </ClInclude>
    <ClInclude Include="Image_Rotate.h">
      <Filter>Header Files</Filter>
    </ClInclude>
    <ClInclude Include="Image_sharpening.h">
      <Filter>Header Files</Filter>
    </ClInclude>
    <ClInclude Include="Image_whitebalance.h">
      <Filter>Header Files</Filter>
    </ClInclude>
  </ItemGroup>
</Project>